// !$*UTF8*$!
{
	archiveVersion = 1;
	classes = {
	};
	objectVersion = 54;
	objects = {

/* Begin PBXAggregateTarget section */
		FYSYROGGNWYV1P67CPIEKQLV /* Flutter Assemble */ = {
			isa = PBXAggregateTarget;
			buildConfigurationList = L6EY4XA64QQ738LRMYA7DJ29 /* Build configuration list for PBXAggregateTarget "Flutter Assemble" */;
			buildPhases = (
				V1F5Z23ETXUP0Q6XJNQ5028U /* ShellScript */,
			);
			dependencies = (
			);
			name = "Flutter Assemble";
			productName = FLX;
		};
/* End PBXAggregateTarget section */

/* Begin PBXBuildFile section */
		XK81WFBJGLSLTW77WND123RP /* GeneratedPluginRegistrant.swift in Sources */ = {isa = PBXBuildFile; fileRef = FK9NYRZLFQGVJYYM0RMCL732 /* GeneratedPluginRegistrant.swift */; };
		2EPR4IP47KY6MA0O8BV6HI8P /* Assets.xcassets in Resources */ = {isa = PBXBuildFile; fileRef = X1YAERDSOAJ0PMS271HV1PB2 /* Assets.xcassets */; };
		PFP00PMB8011JS306ZVA6ASF /* AppDelegate.swift in Sources */ = {isa = PBXBuildFile; fileRef = JRDDQNE2CYO6PN98PDEI5YZO /* AppDelegate.swift */; };
		H5WJUL4VU06RJVW60BEM5VUX /* RunnerTests.swift in Sources */ = {isa = PBXBuildFile; fileRef = QWZD7BVPQW7BW538JG9LL93K /* RunnerTests.swift */; };
		IC2UU3NQUIO0UPJP9V7SGROY /* MainMenu.xib in Resources */ = {isa = PBXBuildFile; fileRef = Y9CYV3PDLPSNS423FG4P0EUF /* MainMenu.xib */; };
		5OO8L030F9WS951LAAZTNPB9 /* MainFlutterWindow.swift in Sources */ = {isa = PBXBuildFile; fileRef = 7AE9I210D3ILDBYLA2FJ7KNH /* MainFlutterWindow.swift */; };
/* End PBXBuildFile section */

/* Begin PBXContainerItemProxy section */
		C2KV7HIBAFIETM9L60QOYWKS /* PBXContainerItemProxy */ = {
			isa = PBXContainerItemProxy;
			containerPortal = I764SFQLMJBYM07U0VGQDIJZ /* Project object */;
			proxyType = 1;
			remoteGlobalIDString = MAQYHILN8615KRX7ARZ5I6IT;
			remoteInfo = Runner;
		};
		LRUZ0PCCIA5VFBXGARQ0Z9HL /* PBXContainerItemProxy */ = {
			isa = PBXContainerItemProxy;
			containerPortal = I764SFQLMJBYM07U0VGQDIJZ /* Project object */;
			proxyType = 1;
			remoteGlobalIDString = FYSYROGGNWYV1P67CPIEKQLV;
			remoteInfo = FLX;
		};
/* End PBXContainerItemProxy section */

/* Begin PBXCopyFilesBuildPhase section */
		NHO44BJB34WYV4XXVANRV6GF /* Bundle Framework */ = {
			isa = PBXCopyFilesBuildPhase;
			buildActionMask = 2147483647;
			dstPath = "";
			dstSubfolderSpec = 10;
			files = (
			);
			name = "Bundle Framework";
			runOnlyForDeploymentPostprocessing = 0;
		};
/* End PBXCopyFilesBuildPhase section */

/* Begin PBXFileReference section */
		X1YAERDSOAJ0PMS271HV1PB2 /* Assets.xcassets */ = {isa = PBXFileReference; lastKnownFileType = folder.assetcatalog; name = Assets.xcassets; path = Runner/Assets.xcassets; sourceTree = "<group>"; };
		KNL6JMXEITEE92U0HIL6LJ5I /* RunnerTests.xctest */ = {isa = PBXFileReference; explicitFileType = wrapper.cfbundle; includeInIndex = 0; path = RunnerTests.xctest; sourceTree = BUILT_PRODUCTS_DIR; };
		STLXDBU6PX0SFLE1QYZVCN0P /* Flutter-Debug.xcconfig */ = {isa = PBXFileReference; lastKnownFileType = text.xcconfig; path = "Flutter-Debug.xcconfig"; sourceTree = "<group>"; };
		1EBG6CFEXJ7MUX9ZYUHRDX9U /* Base */ = {isa = PBXFileReference; lastKnownFileType = file.xib; name = Base; path = Base.lproj/MainMenu.xib; sourceTree = "<group>"; };
		KE2HDKVBC15CMC40JV778FS9 /* DebugProfile.entitlements */ = {isa = PBXFileReference; lastKnownFileType = text.plist.entitlements; path = DebugProfile.entitlements; sourceTree = "<group>"; };
		MKFYEDI035NDF7RFORGKA0WD /* Debug.xcconfig */ = {isa = PBXFileReference; fileEncoding = 4; lastKnownFileType = text.xcconfig; path = Debug.xcconfig; sourceTree = "<group>"; };
		QWZD7BVPQW7BW538JG9LL93K /* RunnerTests.swift */ = {isa = PBXFileReference; lastKnownFileType = sourcecode.swift; path = RunnerTests.swift; sourceTree = "<group>"; };
		4CLIGAWRUO84DGJ0PGJQQ76W /* Warnings.xcconfig */ = {isa = PBXFileReference; lastKnownFileType = text.xcconfig; path = Warnings.xcconfig; sourceTree = "<group>"; };
		6V4R25MZF845A9LKDTCEGOYF /* Flutter-Generated.xcconfig */ = {isa = PBXFileReference; lastKnownFileType = text.xcconfig; name = "Flutter-Generated.xcconfig"; path = "ephemeral/Flutter-Generated.xcconfig"; sourceTree = "<group>"; };
		74UVR9RDXYEA16OTBFODBMR3 /* xingxu_app.app */ = {isa = PBXFileReference; explicitFileType = wrapper.application; includeInIndex = 0; path = "xingxu_app.app"; sourceTree = BUILT_PRODUCTS_DIR; };
		7AE9I210D3ILDBYLA2FJ7KNH /* MainFlutterWindow.swift */ = {isa = PBXFileReference; lastKnownFileType = sourcecode.swift; path = MainFlutterWindow.swift; sourceTree = "<group>"; };
		JRDDQNE2CYO6PN98PDEI5YZO /* AppDelegate.swift */ = {isa = PBXFileReference; lastKnownFileType = sourcecode.swift; path = AppDelegate.swift; sourceTree = "<group>"; };
		NMTSTMYMAU1A7GBOTQQMUMHA /* Info.plist */ = {isa = PBXFileReference; lastKnownFileType = text.plist.xml; name = Info.plist; path = Runner/Info.plist; sourceTree = "<group>"; };
		6KSD4HGDWPZYKIY73FSZUZ71 /* AppInfo.xcconfig */ = {isa = PBXFileReference; lastKnownFileType = text.xcconfig; path = AppInfo.xcconfig; sourceTree = "<group>"; };
		UGR16W5PCQJZXI8JU2BQJ0MF /* Flutter-Release.xcconfig */ = {isa = PBXFileReference; lastKnownFileType = text.xcconfig; path = "Flutter-Release.xcconfig"; sourceTree = "<group>"; };
		FK9NYRZLFQGVJYYM0RMCL732 /* GeneratedPluginRegistrant.swift */ = {isa = PBXFileReference; fileEncoding = 4; lastKnownFileType = sourcecode.swift; path = GeneratedPluginRegistrant.swift; sourceTree = "<group>"; };
		J3LIBK8YV7G9IMYHYRIVVAMQ /* Release.entitlements */ = {isa = PBXFileReference; fileEncoding = 4; lastKnownFileType = text.plist.entitlements; path = Release.entitlements; sourceTree = "<group>"; };
		NMC8TLHAUOIM8TQG4RI6QYZN /* Release.xcconfig */ = {isa = PBXFileReference; lastKnownFileType = text.xcconfig; path = Release.xcconfig; sourceTree = "<group>"; };
/* End PBXFileReference section */

/* Begin PBXFrameworksBuildPhase section */
		O9I2CRZF4ODZ0GEQX7870JNG /* Frameworks */ = {
			isa = PBXFrameworksBuildPhase;
			buildActionMask = 2147483647;
			files = (
			);
			runOnlyForDeploymentPostprocessing = 0;
		};
		YA6YW0MTSXVCJVYZVB73W4AG /* Frameworks */ = {
			isa = PBXFrameworksBuildPhase;
			buildActionMask = 2147483647;
			files = (
			);
			runOnlyForDeploymentPostprocessing = 0;
		};
/* End PBXFrameworksBuildPhase section */

/* Begin PBXGroup section */
		GPC9XPQDVKXQIPUPOXIO69F6 /* RunnerTests */ = {
			isa = PBXGroup;
			children = (
				QWZD7BVPQW7BW538JG9LL93K /* RunnerTests.swift */,
			);
			path = RunnerTests;
			sourceTree = "<group>";
		};
		CKJIRRICO3LJHH2FUE48NAO7 /* Configs */ = {
			isa = PBXGroup;
			children = (
				6KSD4HGDWPZYKIY73FSZUZ71 /* AppInfo.xcconfig */,
				MKFYEDI035NDF7RFORGKA0WD /* Debug.xcconfig */,
				NMC8TLHAUOIM8TQG4RI6QYZN /* Release.xcconfig */,
				4CLIGAWRUO84DGJ0PGJQQ76W /* Warnings.xcconfig */,
			);
			path = Configs;
			sourceTree = "<group>";
		};
		H5M9U7T3HKIXKFOWESPC24W4 = {
			isa = PBXGroup;
			children = (
				GPC9XPQDVKXQIPUPOXIO69F6 /* RunnerTests */,
				XCVD1ZSOK7F78JN1F495IVGQ /* Frameworks */,
				T69C1G9BEWYU2HGM34DQ5SE3 /* Flutter */,
				2I3D3223TIOC3H2MO04KKMDU /* Runner */,
				ML3EN43NGGRQJ6FF2GUWOOVA /* Products */,
			);
			sourceTree = "<group>";
		};
		ML3EN43NGGRQJ6FF2GUWOOVA /* Products */ = {
			isa = PBXGroup;
			children = (
				74UVR9RDXYEA16OTBFODBMR3 /* xingxu_app.app */,
				KNL6JMXEITEE92U0HIL6LJ5I /* RunnerTests.xctest */,
			);
			name = Products;
			sourceTree = "<group>";
		};
		T0JXFMGHLMH6G0OPSIKP1LPQ /* Resources */ = {
			isa = PBXGroup;
			children = (
				X1YAERDSOAJ0PMS271HV1PB2 /* Assets.xcassets */,
				Y9CYV3PDLPSNS423FG4P0EUF /* MainMenu.xib */,
				NMTSTMYMAU1A7GBOTQQMUMHA /* Info.plist */,
			);
			name = Resources;
			path = ..;
			sourceTree = "<group>";
		};
		T69C1G9BEWYU2HGM34DQ5SE3 /* Flutter */ = {
			isa = PBXGroup;
			children = (
				FK9NYRZLFQGVJYYM0RMCL732 /* GeneratedPluginRegistrant.swift */,
				STLXDBU6PX0SFLE1QYZVCN0P /* Flutter-Debug.xcconfig */,
				UGR16W5PCQJZXI8JU2BQJ0MF /* Flutter-Release.xcconfig */,
				6V4R25MZF845A9LKDTCEGOYF /* Flutter-Generated.xcconfig */,
			);
			path = Flutter;
			sourceTree = "<group>";
		};
		2I3D3223TIOC3H2MO04KKMDU /* Runner */ = {
			isa = PBXGroup;
			children = (
				JRDDQNE2CYO6PN98PDEI5YZO /* AppDelegate.swift */,
				7AE9I210D3ILDBYLA2FJ7KNH /* MainFlutterWindow.swift */,
				J3LIBK8YV7G9IMYHYRIVVAMQ /* Release.entitlements */,
				CKJIRRICO3LJHH2FUE48NAO7 /* Configs */,
				KE2HDKVBC15CMC40JV778FS9 /* DebugProfile.entitlements */,
				T0JXFMGHLMH6G0OPSIKP1LPQ /* Resources */,
			);
			path = Runner;
			sourceTree = "<group>";
		};
		XCVD1ZSOK7F78JN1F495IVGQ /* Frameworks */ = {
			isa = PBXGroup;
			children = (
			);
			name = Frameworks;
			sourceTree = "<group>";
		};
/* End PBXGroup section */

/* Begin PBXNativeTarget section */
		7B03VI7CUKA31NDTQ70I03OP /* RunnerTests */ = {
			isa = PBXNativeTarget;
			buildConfigurationList = P6UOEI8BIF7ZFYP5XOSPHWBB /* Build configuration list for PBXNativeTarget "RunnerTests" */;
			buildPhases = (
				0JIM87W6W76MDNJHUEP57Q1T /* Sources */,
				O9I2CRZF4ODZ0GEQX7870JNG /* Frameworks */,
				FVV5YAVOKNEP3BOBAHZCCMU5 /* Resources */,
			);
			buildRules = (
			);
			dependencies = (
				O0SH2MB6VS9PLMPHYMLZVITB /* PBXTargetDependency */,
			);
			name = RunnerTests;
			productName = RunnerTests;
			productReference = KNL6JMXEITEE92U0HIL6LJ5I /* RunnerTests.xctest */;
			productType = "com.apple.product-type.bundle.unit-test";
		};
		MAQYHILN8615KRX7ARZ5I6IT /* Runner */ = {
			isa = PBXNativeTarget;
			buildConfigurationList = EITSXK5HC0S3NE6GOYCVBGE3 /* Build configuration list for PBXNativeTarget "Runner" */;
			buildPhases = (
				55MU5AE4774W0QM5E5CA5KZX /* Sources */,
				YA6YW0MTSXVCJVYZVB73W4AG /* Frameworks */,
				3Q6V3QBISJV0UEGXV4Q79NSM /* Resources */,
				NHO44BJB34WYV4XXVANRV6GF /* Bundle Framework */,
				70WC1XXKZZVVT7CFUD7VAQ9F /* ShellScript */,
			);
			buildRules = (
			);
			dependencies = (
				6LU6ANN42V0UTMDSKW5CVNRH /* PBXTargetDependency */,
			);
			name = Runner;
			productName = Runner;
			productReference = 74UVR9RDXYEA16OTBFODBMR3 /* xingxu_app.app */;
			productType = "com.apple.product-type.application";
		};
/* End PBXNativeTarget section */

/* Begin PBXProject section */
		I764SFQLMJBYM07U0VGQDIJZ /* Project object */ = {
			isa = PBXProject;
			attributes = {
				BuildIndependentTargetsInParallel = YES;
				LastSwiftUpdateCheck = 0920;
				LastUpgradeCheck = 1510;
				ORGANIZATIONNAME = "";
				TargetAttributes = {
					7B03VI7CUKA31NDTQ70I03OP = {
						CreatedOnToolsVersion = 14.0;
						TestTargetID = MAQYHILN8615KRX7ARZ5I6IT;
					};
					MAQYHILN8615KRX7ARZ5I6IT = {
						CreatedOnToolsVersion = 9.2;
						LastSwiftMigration = 1100;
						ProvisioningStyle = Automatic;
						SystemCapabilities = {
							com.apple.Sandbox = {
								enabled = 1;
							};
						};
					};
					FYSYROGGNWYV1P67CPIEKQLV = {
						CreatedOnToolsVersion = 9.2;
						ProvisioningStyle = Manual;
					};
				};
			};
			buildConfigurationList = R5NC84WKZTJCEVJM6C5HRAM6 /* Build configuration list for PBXProject "Runner" */;
			compatibilityVersion = "Xcode 9.3";
			developmentRegion = en;
			hasScannedForEncodings = 0;
			knownRegions = (
				en,
				Base,
			);
			mainGroup = H5M9U7T3HKIXKFOWESPC24W4;
			productRefGroup = ML3EN43NGGRQJ6FF2GUWOOVA /* Products */;
			projectDirPath = "";
			projectRoot = "";
			targets = (
				MAQYHILN8615KRX7ARZ5I6IT /* Runner */,
				7B03VI7CUKA31NDTQ70I03OP /* RunnerTests */,
				FYSYROGGNWYV1P67CPIEKQLV /* Flutter Assemble */,
			);
		};
/* End PBXProject section */

/* Begin PBXResourcesBuildPhase section */
		FVV5YAVOKNEP3BOBAHZCCMU5 /* Resources */ = {
			isa = PBXResourcesBuildPhase;
			buildActionMask = 2147483647;
			files = (
			);
			runOnlyForDeploymentPostprocessing = 0;
		};
		3Q6V3QBISJV0UEGXV4Q79NSM /* Resources */ = {
			isa = PBXResourcesBuildPhase;
			buildActionMask = 2147483647;
			files = (
				2EPR4IP47KY6MA0O8BV6HI8P /* Assets.xcassets in Resources */,
				IC2UU3NQUIO0UPJP9V7SGROY /* MainMenu.xib in Resources */,
			);
			runOnlyForDeploymentPostprocessing = 0;
		};
/* End PBXResourcesBuildPhase section */

/* Begin PBXShellScriptBuildPhase section */
		70WC1XXKZZVVT7CFUD7VAQ9F /* ShellScript */ = {
			isa = PBXShellScriptBuildPhase;
			alwaysOutOfDate = 1;
			buildActionMask = 2147483647;
			files = (
			);
			inputFileListPaths = (
			);
			inputPaths = (
			);
			outputFileListPaths = (
			);
			outputPaths = (
			);
			runOnlyForDeploymentPostprocessing = 0;
			shellPath = /bin/sh;
			shellScript = "echo \"$PRODUCT_NAME.app\" > \"$PROJECT_DIR\"/Flutter/ephemeral/.app_filename && \"$FLUTTER_ROOT\"/packages/flutter_tools/bin/macos_assemble.sh embed\n";
		};
		V1F5Z23ETXUP0Q6XJNQ5028U /* ShellScript */ = {
			isa = PBXShellScriptBuildPhase;
			buildActionMask = 2147483647;
			files = (
			);
			inputFileListPaths = (
				Flutter/ephemeral/FlutterInputs.xcfilelist,
			);
			inputPaths = (
				Flutter/ephemeral/tripwire,
			);
			outputFileListPaths = (
				Flutter/ephemeral/FlutterOutputs.xcfilelist,
			);
			outputPaths = (
			);
			runOnlyForDeploymentPostprocessing = 0;
			shellPath = /bin/sh;
			shellScript = "\"$FLUTTER_ROOT\"/packages/flutter_tools/bin/macos_assemble.sh && touch Flutter/ephemeral/tripwire";
		};
/* End PBXShellScriptBuildPhase section */

/* Begin PBXSourcesBuildPhase section */
		0JIM87W6W76MDNJHUEP57Q1T /* Sources */ = {
			isa = PBXSourcesBuildPhase;
			buildActionMask = 2147483647;
			files = (
				H5WJUL4VU06RJVW60BEM5VUX /* RunnerTests.swift in Sources */,
			);
			runOnlyForDeploymentPostprocessing = 0;
		};
		55MU5AE4774W0QM5E5CA5KZX /* Sources */ = {
			isa = PBXSourcesBuildPhase;
			buildActionMask = 2147483647;
			files = (
				5OO8L030F9WS951LAAZTNPB9 /* MainFlutterWindow.swift in Sources */,
				PFP00PMB8011JS306ZVA6ASF /* AppDelegate.swift in Sources */,
				XK81WFBJGLSLTW77WND123RP /* GeneratedPluginRegistrant.swift in Sources */,
			);
			runOnlyForDeploymentPostprocessing = 0;
		};
/* End PBXSourcesBuildPhase section */

/* Begin PBXTargetDependency section */
		O0SH2MB6VS9PLMPHYMLZVITB /* PBXTargetDependency */ = {
			isa = PBXTargetDependency;
			target = MAQYHILN8615KRX7ARZ5I6IT /* Runner */;
			targetProxy = C2KV7HIBAFIETM9L60QOYWKS /* PBXContainerItemProxy */;
		};
		6LU6ANN42V0UTMDSKW5CVNRH /* PBXTargetDependency */ = {
			isa = PBXTargetDependency;
			target = FYSYROGGNWYV1P67CPIEKQLV /* Flutter Assemble */;
			targetProxy = LRUZ0PCCIA5VFBXGARQ0Z9HL /* PBXContainerItemProxy */;
		};
/* End PBXTargetDependency section */

/* Begin PBXVariantGroup section */
		Y9CYV3PDLPSNS423FG4P0EUF /* MainMenu.xib */ = {
			isa = PBXVariantGroup;
			children = (
				1EBG6CFEXJ7MUX9ZYUHRDX9U /* Base */,
			);
			name = MainMenu.xib;
			path = Runner;
			sourceTree = "<group>";
		};
/* End PBXVariantGroup section */

/* Begin XCBuildConfiguration section */
		DMEW1BABFSFL43H58U6JEDZ5 /* Debug */ = {
			isa = XCBuildConfiguration;
			buildSettings = {
				BUNDLE_LOADER = "$(TEST_HOST)";
				CURRENT_PROJECT_VERSION = 1;
				GENERATE_INFOPLIST_FILE = YES;
				MARKETING_VERSION = 1.0;
				PRODUCT_BUNDLE_IDENTIFIER = com.example.xingxuApp.RunnerTests;
				PRODUCT_NAME = "$(TARGET_NAME)";
				SWIFT_VERSION = 5.0;
				TEST_HOST = "$(BUILT_PRODUCTS_DIR)/xingxu_app.app/$(BUNDLE_EXECUTABLE_FOLDER_PATH)/xingxu_app";
			};
			name = Debug;
		};
		Q89XOACBQIO7PJJOPGZFPL2T /* Release */ = {
			isa = XCBuildConfiguration;
			buildSettings = {
				BUNDLE_LOADER = "$(TEST_HOST)";
				CURRENT_PROJECT_VERSION = 1;
				GENERATE_INFOPLIST_FILE = YES;
				MARKETING_VERSION = 1.0;
				PRODUCT_BUNDLE_IDENTIFIER = com.example.xingxuApp.RunnerTests;
				PRODUCT_NAME = "$(TARGET_NAME)";
				SWIFT_VERSION = 5.0;
				TEST_HOST = "$(BUILT_PRODUCTS_DIR)/xingxu_app.app/$(BUNDLE_EXECUTABLE_FOLDER_PATH)/xingxu_app";
			};
			name = Release;
		};
		56R8VBDNUEMLGVY3N40F6UZL /* Profile */ = {
			isa = XCBuildConfiguration;
			buildSettings = {
				BUNDLE_LOADER = "$(TEST_HOST)";
				CURRENT_PROJECT_VERSION = 1;
				GENERATE_INFOPLIST_FILE = YES;
				MARKETING_VERSION = 1.0;
				PRODUCT_BUNDLE_IDENTIFIER = com.example.xingxuApp.RunnerTests;
				PRODUCT_NAME = "$(TARGET_NAME)";
				SWIFT_VERSION = 5.0;
				TEST_HOST = "$(BUILT_PRODUCTS_DIR)/xingxu_app.app/$(BUNDLE_EXECUTABLE_FOLDER_PATH)/xingxu_app";
			};
			name = Profile;
		};
		39HFUK5W1QEU2HY3TPKO7HZ6 /* Profile */ = {
			isa = XCBuildConfiguration;
			baseConfigurationReference = NMC8TLHAUOIM8TQG4RI6QYZN /* Release.xcconfig */;
			buildSettings = {
				ALWAYS_SEARCH_USER_PATHS = NO;
				ASSETCATALOG_COMPILER_GENERATE_SWIFT_ASSET_SYMBOL_EXTENSIONS = YES;
				CLANG_ANALYZER_NONNULL = YES;
				CLANG_ANALYZER_NUMBER_OBJECT_CONVERSION = YES_AGGRESSIVE;
				CLANG_CXX_LANGUAGE_STANDARD = "gnu++14";
				CLANG_CXX_LIBRARY = "libc++";
				CLANG_ENABLE_MODULES = YES;
				CLANG_ENABLE_OBJC_ARC = YES;
				CLANG_WARN_BLOCK_CAPTURE_AUTORELEASING = YES;
				CLANG_WARN_BOOL_CONVERSION = YES;
				CLANG_WARN_CONSTANT_CONVERSION = YES;
				CLANG_WARN_DEPRECATED_OBJC_IMPLEMENTATIONS = YES;
				CLANG_WARN_DIRECT_OBJC_ISA_USAGE = YES_ERROR;
				CLANG_WARN_DOCUMENTATION_COMMENTS = YES;
				CLANG_WARN_EMPTY_BODY = YES;
				CLANG_WARN_ENUM_CONVERSION = YES;
				CLANG_WARN_INFINITE_RECURSION = YES;
				CLANG_WARN_INT_CONVERSION = YES;
				CLANG_WARN_NON_LITERAL_NULL_CONVERSION = YES;
				CLANG_WARN_OBJC_LITERAL_CONVERSION = YES;
				CLANG_WARN_OBJC_ROOT_CLASS = YES_ERROR;
				CLANG_WARN_RANGE_LOOP_ANALYSIS = YES;
				CLANG_WARN_SUSPICIOUS_MOVE = YES;
				CODE_SIGN_IDENTITY = "-";
				COPY_PHASE_STRIP = NO;
				DEAD_CODE_STRIPPING = YES;
				DEBUG_INFORMATION_FORMAT = "dwarf-with-dsym";
				ENABLE_NS_ASSERTIONS = NO;
				ENABLE_STRICT_OBJC_MSGSEND = YES;
				ENABLE_USER_SCRIPT_SANDBOXING = NO;
				GCC_C_LANGUAGE_STANDARD = gnu11;
				GCC_NO_COMMON_BLOCKS = YES;
				GCC_WARN_64_TO_32_BIT_CONVERSION = YES;
				GCC_WARN_ABOUT_RETURN_TYPE = YES_ERROR;
				GCC_WARN_UNINITIALIZED_AUTOS = YES_AGGRESSIVE;
				GCC_WARN_UNUSED_FUNCTION = YES;
				GCC_WARN_UNUSED_VARIABLE = YES;
				MACOSX_DEPLOYMENT_TARGET = 10.14;
				MTL_ENABLE_DEBUG_INFO = NO;
				SDKROOT = macosx;
				SWIFT_COMPILATION_MODE = wholemodule;
				SWIFT_OPTIMIZATION_LEVEL = "-O";
			};
			name = Profile;
		};
		NJTWNN9D8Z8QHAQMZ74MOM01 /* Profile */ = {
			isa = XCBuildConfiguration;
			baseConfigurationReference = 6KSD4HGDWPZYKIY73FSZUZ71 /* AppInfo.xcconfig */;
			buildSettings = {
				ASSETCATALOG_COMPILER_APPICON_NAME = AppIcon;
				CLANG_ENABLE_MODULES = YES;
				CODE_SIGN_ENTITLEMENTS = Runner/DebugProfile.entitlements;
				CODE_SIGN_STYLE = Automatic;
				COMBINE_HIDPI_IMAGES = YES;
				INFOPLIST_FILE = Runner/Info.plist;
				LD_RUNPATH_SEARCH_PATHS = (
					"$(inherited)",
					"@executable_path/../Frameworks",
				);
				PROVISIONING_PROFILE_SPECIFIER = "";
				SWIFT_VERSION = 5.0;
			};
			name = Profile;
		};
		I5MS6SD7WLAAJDOK0EZBAM8P /* Profile */ = {
			isa = XCBuildConfiguration;
			buildSettings = {
				CODE_SIGN_STYLE = Manual;
				PRODUCT_NAME = "$(TARGET_NAME)";
			};
			name = Profile;
		};
		T2XODCITSFFWB7RJIUE19JNA /* Debug */ = {
			isa = XCBuildConfiguration;
			baseConfigurationReference = MKFYEDI035NDF7RFORGKA0WD /* Debug.xcconfig */;
			buildSettings = {
				ALWAYS_SEARCH_USER_PATHS = NO;
				ASSETCATALOG_COMPILER_GENERATE_SWIFT_ASSET_SYMBOL_EXTENSIONS = YES;
				CLANG_ANALYZER_NONNULL = YES;
				CLANG_ANALYZER_NUMBER_OBJECT_CONVERSION = YES_AGGRESSIVE;
				CLANG_CXX_LANGUAGE_STANDARD = "gnu++14";
				CLANG_CXX_LIBRARY = "libc++";
				CLANG_ENABLE_MODULES = YES;
				CLANG_ENABLE_OBJC_ARC = YES;
				CLANG_WARN_BLOCK_CAPTURE_AUTORELEASING = YES;
				CLANG_WARN_BOOL_CONVERSION = YES;
				CLANG_WARN_CONSTANT_CONVERSION = YES;
				CLANG_WARN_DEPRECATED_OBJC_IMPLEMENTATIONS = YES;
				CLANG_WARN_DIRECT_OBJC_ISA_USAGE = YES_ERROR;
				CLANG_WARN_DOCUMENTATION_COMMENTS = YES;
				CLANG_WARN_EMPTY_BODY = YES;
				CLANG_WARN_ENUM_CONVERSION = YES;
				CLANG_WARN_INFINITE_RECURSION = YES;
				CLANG_WARN_INT_CONVERSION = YES;
				CLANG_WARN_NON_LITERAL_NULL_CONVERSION = YES;
				CLANG_WARN_OBJC_LITERAL_CONVERSION = YES;
				CLANG_WARN_OBJC_ROOT_CLASS = YES_ERROR;
				CLANG_WARN_RANGE_LOOP_ANALYSIS = YES;
				CLANG_WARN_SUSPICIOUS_MOVE = YES;
				CODE_SIGN_IDENTITY = "-";
				COPY_PHASE_STRIP = NO;
				DEAD_CODE_STRIPPING = YES;
				DEBUG_INFORMATION_FORMAT = dwarf;
				ENABLE_STRICT_OBJC_MSGSEND = YES;
				ENABLE_TESTABILITY = YES;
				ENABLE_USER_SCRIPT_SANDBOXING = NO;
				GCC_C_LANGUAGE_STANDARD = gnu11;
				GCC_DYNAMIC_NO_PIC = NO;
				GCC_NO_COMMON_BLOCKS = YES;
				GCC_OPTIMIZATION_LEVEL = 0;
				GCC_PREPROCESSOR_DEFINITIONS = (
					"DEBUG=1",
					"$(inherited)",
				);
				GCC_WARN_64_TO_32_BIT_CONVERSION = YES;
				GCC_WARN_ABOUT_RETURN_TYPE = YES_ERROR;
				GCC_WARN_UNINITIALIZED_AUTOS = YES_AGGRESSIVE;
				GCC_WARN_UNUSED_FUNCTION = YES;
				GCC_WARN_UNUSED_VARIABLE = YES;
				MACOSX_DEPLOYMENT_TARGET = 10.14;
				MTL_ENABLE_DEBUG_INFO = YES;
				ONLY_ACTIVE_ARCH = YES;
				SDKROOT = macosx;
				SWIFT_ACTIVE_COMPILATION_CONDITIONS = DEBUG;
				SWIFT_OPTIMIZATION_LEVEL = "-Onone";
			};
			name = Debug;
		};
		DOXZ9MIWC0QVZLA7DRMHTTR8 /* Release */ = {
			isa = XCBuildConfiguration;
			baseConfigurationReference = NMC8TLHAUOIM8TQG4RI6QYZN /* Release.xcconfig */;
			buildSettings = {
				ALWAYS_SEARCH_USER_PATHS = NO;
				ASSETCATALOG_COMPILER_GENERATE_SWIFT_ASSET_SYMBOL_EXTENSIONS = YES;
				CLANG_ANALYZER_NONNULL = YES;
				CLANG_ANALYZER_NUMBER_OBJECT_CONVERSION = YES_AGGRESSIVE;
				CLANG_CXX_LANGUAGE_STANDARD = "gnu++14";
				CLANG_CXX_LIBRARY = "libc++";
				CLANG_ENABLE_MODULES = YES;
				CLANG_ENABLE_OBJC_ARC = YES;
				CLANG_WARN_BLOCK_CAPTURE_AUTORELEASING = YES;
				CLANG_WARN_BOOL_CONVERSION = YES;
				CLANG_WARN_CONSTANT_CONVERSION = YES;
				CLANG_WARN_DEPRECATED_OBJC_IMPLEMENTATIONS = YES;
				CLANG_WARN_DIRECT_OBJC_ISA_USAGE = YES_ERROR;
				CLANG_WARN_DOCUMENTATION_COMMENTS = YES;
				CLANG_WARN_EMPTY_BODY = YES;
				CLANG_WARN_ENUM_CONVERSION = YES;
				CLANG_WARN_INFINITE_RECURSION = YES;
				CLANG_WARN_INT_CONVERSION = YES;
				CLANG_WARN_NON_LITERAL_NULL_CONVERSION = YES;
				CLANG_WARN_OBJC_LITERAL_CONVERSION = YES;
				CLANG_WARN_OBJC_ROOT_CLASS = YES_ERROR;
				CLANG_WARN_RANGE_LOOP_ANALYSIS = YES;
				CLANG_WARN_SUSPICIOUS_MOVE = YES;
				CODE_SIGN_IDENTITY = "-";
				COPY_PHASE_STRIP = NO;
				DEAD_CODE_STRIPPING = YES;
				DEBUG_INFORMATION_FORMAT = "dwarf-with-dsym";
				ENABLE_NS_ASSERTIONS = NO;
				ENABLE_STRICT_OBJC_MSGSEND = YES;
				ENABLE_USER_SCRIPT_SANDBOXING = NO;
				GCC_C_LANGUAGE_STANDARD = gnu11;
				GCC_NO_COMMON_BLOCKS = YES;
				GCC_WARN_64_TO_32_BIT_CONVERSION = YES;
				GCC_WARN_ABOUT_RETURN_TYPE = YES_ERROR;
				GCC_WARN_UNINITIALIZED_AUTOS = YES_AGGRESSIVE;
				GCC_WARN_UNUSED_FUNCTION = YES;
				GCC_WARN_UNUSED_VARIABLE = YES;
				MACOSX_DEPLOYMENT_TARGET = 10.14;
				MTL_ENABLE_DEBUG_INFO = NO;
				SDKROOT = macosx;
				SWIFT_COMPILATION_MODE = wholemodule;
				SWIFT_OPTIMIZATION_LEVEL = "-O";
			};
			name = Release;
		};
		T349GJFL7E4KBSMISB1OI8TC /* Debug */ = {
			isa = XCBuildConfiguration;
			baseConfigurationReference = 6KSD4HGDWPZYKIY73FSZUZ71 /* AppInfo.xcconfig */;
			buildSettings = {
				ASSETCATALOG_COMPILER_APPICON_NAME = AppIcon;
				CLANG_ENABLE_MODULES = YES;
				CODE_SIGN_ENTITLEMENTS = Runner/DebugProfile.entitlements;
				CODE_SIGN_STYLE = Automatic;
				COMBINE_HIDPI_IMAGES = YES;
				INFOPLIST_FILE = Runner/Info.plist;
				LD_RUNPATH_SEARCH_PATHS = (
					"$(inherited)",
					"@executable_path/../Frameworks",
				);
				PROVISIONING_PROFILE_SPECIFIER = "";
				SWIFT_OPTIMIZATION_LEVEL = "-Onone";
				SWIFT_VERSION = 5.0;
			};
			name = Debug;
		};
		4S2YYZGSRQWI79M7A5353Z29 /* Release */ = {
			isa = XCBuildConfiguration;
			baseConfigurationReference = 6KSD4HGDWPZYKIY73FSZUZ71 /* AppInfo.xcconfig */;
			buildSettings = {
				ASSETCATALOG_COMPILER_APPICON_NAME = AppIcon;
				CLANG_ENABLE_MODULES = YES;
				CODE_SIGN_ENTITLEMENTS = Runner/Release.entitlements;
				CODE_SIGN_STYLE = Automatic;
				COMBINE_HIDPI_IMAGES = YES;
				INFOPLIST_FILE = Runner/Info.plist;
				LD_RUNPATH_SEARCH_PATHS = (
					"$(inherited)",
					"@executable_path/../Frameworks",
				);
				PROVISIONING_PROFILE_SPECIFIER = "";
				SWIFT_VERSION = 5.0;
			};
			name = Release;
		};
		LGYJ2QBV9LI3T8KXI435LW4P /* Debug */ = {
			isa = XCBuildConfiguration;
			buildSettings = {
				CODE_SIGN_STYLE = Manual;
				PRODUCT_NAME = "$(TARGET_NAME)";
			};
			name = Debug;
		};
		06WE82SHFMUWETZ1PR7N4UIT /* Release */ = {
			isa = XCBuildConfiguration;
			buildSettings = {
				CODE_SIGN_STYLE = Automatic;
				PRODUCT_NAME = "$(TARGET_NAME)";
			};
			name = Release;
		};
/* End XCBuildConfiguration section */

/* Begin XCConfigurationList section */
		P6UOEI8BIF7ZFYP5XOSPHWBB /* Build configuration list for PBXNativeTarget "RunnerTests" */ = {
			isa = XCConfigurationList;
			buildConfigurations = (
				DMEW1BABFSFL43H58U6JEDZ5 /* Debug */,
				Q89XOACBQIO7PJJOPGZFPL2T /* Release */,
				56R8VBDNUEMLGVY3N40F6UZL /* Profile */,
			);
			defaultConfigurationIsVisible = 0;
			defaultConfigurationName = Release;
		};
		R5NC84WKZTJCEVJM6C5HRAM6 /* Build configuration list for PBXProject "Runner" */ = {
			isa = XCConfigurationList;
			buildConfigurations = (
				T2XODCITSFFWB7RJIUE19JNA /* Debug */,
				DOXZ9MIWC0QVZLA7DRMHTTR8 /* Release */,
				39HFUK5W1QEU2HY3TPKO7HZ6 /* Profile */,
			);
			defaultConfigurationIsVisible = 0;
			defaultConfigurationName = Release;
		};
		EITSXK5HC0S3NE6GOYCVBGE3 /* Build configuration list for PBXNativeTarget "Runner" */ = {
			isa = XCConfigurationList;
			buildConfigurations = (
				T349GJFL7E4KBSMISB1OI8TC /* Debug */,
				4S2YYZGSRQWI79M7A5353Z29 /* Release */,
				NJTWNN9D8Z8QHAQMZ74MOM01 /* Profile */,
			);
			defaultConfigurationIsVisible = 0;
			defaultConfigurationName = Release;
		};
		L6EY4XA64QQ738LRMYA7DJ29 /* Build configuration list for PBXAggregateTarget "Flutter Assemble" */ = {
			isa = XCConfigurationList;
			buildConfigurations = (
				LGYJ2QBV9LI3T8KXI435LW4P /* Debug */,
				06WE82SHFMUWETZ1PR7N4UIT /* Release */,
				I5MS6SD7WLAAJDOK0EZBAM8P /* Profile */,
			);
			defaultConfigurationIsVisible = 0;
			defaultConfigurationName = Release;
		};
/* End XCConfigurationList section */
	};
	rootObject = I764SFQLMJBYM07U0VGQDIJZ /* Project object */;
}
